
Microsoft Visual Studio Solution File, Format Version 12.00
# Visual Studio Version 17
VisualStudioVersion = 17.5.2.0
MinimumVisualStudioVersion = 10.0.40219.1
Project("{2150E333-8FDC-42A3-9474-1A3956D46DE8}") = "src", "src", "{827E0CD3-B72D-47B6-A68D-7590B98EB39B}"
EndProject
Project("{FAE04EC0-301F-11D3-BF4B-00C04F79EFBC}") = "OpenEtradeMcp", "src\OpenEtradeMcp\OpenEtradeMcp.csproj", "{4DEB3957-B7CB-752C-FFD3-4DCAEAA6FE57}"
EndProject
Project("{FAE04EC0-301F-11D3-BF4B-00C04F79EFBC}") = "OpenEtradeMcp.Server", "src\OpenEtradeMcp.Server\OpenEtradeMcp.Server.csproj", "{4DFA73F2-4757-4BE4-B34E-048FF911571B}"
EndProject
Project("{2150E333-8FDC-42A3-9474-1A3956D46DE8}") = "tests", "tests", "{0AB3BF05-4346-4AA6-1389-037BE0695223}"
EndProject
Project("{FAE04EC0-301F-11D3-BF4B-00C04F79EFBC}") = "OpenEtradeMcp.Tests", "tests\OpenEtradeMcp.Tests\OpenEtradeMcp.Tests.csproj", "{7A207329-78B0-4036-9615-D75200A464CE}"
EndProject
Project("{FAE04EC0-301F-11D3-BF4B-00C04F79EFBC}") = "OpenEtradeMcp.Contracts", "src\OpenEtradeMcp.Contracts\OpenEtradeMcp.Contracts.csproj", "{D8DBDC7F-DCC8-473F-B28B-0F72D84F81AD}"
EndProject
Project("{FAE04EC0-301F-11D3-BF4B-00C04F79EFBC}") = "OpenEtradeMcp.Authorization", "src\OpenEtradeMcp.Authorization\OpenEtradeMcp.Authorization.csproj", "{790A918C-964E-40A5-B54F-E1BB28F129B5}"
EndProject
Project("{FAE04EC0-301F-11D3-BF4B-00C04F79EFBC}") = "OpenEtradeMcp.Gateway", "src\OpenEtradeMcp.Gateway\OpenEtradeMcp.Gateway.csproj", "{B6B6B47D-3A21-4617-8C7F-2DCB24B30925}"
EndProject
Global
	GlobalSection(SolutionConfigurationPlatforms) = preSolution
		Debug|Any CPU = Debug|Any CPU
		Debug|x64 = Debug|x64
		Debug|x86 = Debug|x86
		Release|Any CPU = Release|Any CPU
		Release|x64 = Release|x64
		Release|x86 = Release|x86
	EndGlobalSection
	GlobalSection(ProjectConfigurationPlatforms) = postSolution
		{4DEB3957-B7CB-752C-FFD3-4DCAEAA6FE57}.Debug|Any CPU.ActiveCfg = Debug|Any CPU
		{4DEB3957-B7CB-752C-FFD3-4DCAEAA6FE57}.Debug|Any CPU.Build.0 = Debug|Any CPU
		{4DEB3957-B7CB-752C-FFD3-4DCAEAA6FE57}.Debug|x64.ActiveCfg = Debug|Any CPU
		{4DEB3957-B7CB-752C-FFD3-4DCAEAA6FE57}.Debug|x64.Build.0 = Debug|Any CPU
		{4DEB3957-B7CB-752C-FFD3-4DCAEAA6FE57}.Debug|x86.ActiveCfg = Debug|Any CPU
		{4DEB3957-B7CB-752C-FFD3-4DCAEAA6FE57}.Debug|x86.Build.0 = Debug|Any CPU
		{4DEB3957-B7CB-752C-FFD3-4DCAEAA6FE57}.Release|Any CPU.ActiveCfg = Release|Any CPU
		{4DEB3957-B7CB-752C-FFD3-4DCAEAA6FE57}.Release|Any CPU.Build.0 = Release|Any CPU
		{4DEB3957-B7CB-752C-FFD3-4DCAEAA6FE57}.Release|x64.ActiveCfg = Release|Any CPU
		{4DEB3957-B7CB-752C-FFD3-4DCAEAA6FE57}.Release|x64.Build.0 = Release|Any CPU
		{4DEB3957-B7CB-752C-FFD3-4DCAEAA6FE57}.Release|x86.ActiveCfg = Release|Any CPU
		{4DEB3957-B7CB-752C-FFD3-4DCAEAA6FE57}.Release|x86.Build.0 = Release|Any CPU
		{4DFA73F2-4757-4BE4-B34E-048FF911571B}.Debug|Any CPU.ActiveCfg = Debug|Any CPU
		{4DFA73F2-4757-4BE4-B34E-048FF911571B}.Debug|Any CPU.Build.0 = Debug|Any CPU
		{4DFA73F2-4757-4BE4-B34E-048FF911571B}.Debug|x64.ActiveCfg = Debug|Any CPU
		{4DFA73F2-4757-4BE4-B34E-048FF911571B}.Debug|x64.Build.0 = Debug|Any CPU
		{4DFA73F2-4757-4BE4-B34E-048FF911571B}.Debug|x86.ActiveCfg = Debug|Any CPU
		{4DFA73F2-4757-4BE4-B34E-048FF911571B}.Debug|x86.Build.0 = Debug|Any CPU
		{4DFA73F2-4757-4BE4-B34E-048FF911571B}.Release|Any CPU.ActiveCfg = Release|Any CPU
		{4DFA73F2-4757-4BE4-B34E-048FF911571B}.Release|Any CPU.Build.0 = Release|Any CPU
		{4DFA73F2-4757-4BE4-B34E-048FF911571B}.Release|x64.ActiveCfg = Release|Any CPU
		{4DFA73F2-4757-4BE4-B34E-048FF911571B}.Release|x64.Build.0 = Release|Any CPU
		{4DFA73F2-4757-4BE4-B34E-048FF911571B}.Release|x86.ActiveCfg = Release|Any CPU
		{4DFA73F2-4757-4BE4-B34E-048FF911571B}.Release|x86.Build.0 = Release|Any CPU
		{7A207329-78B0-4036-9615-D75200A464CE}.Debug|Any CPU.ActiveCfg = Debug|Any CPU
		{7A207329-78B0-4036-9615-D75200A464CE}.Debug|Any CPU.Build.0 = Debug|Any CPU
		{7A207329-78B0-4036-9615-D75200A464CE}.Debug|x64.ActiveCfg = Debug|Any CPU
		{7A207329-78B0-4036-9615-D75200A464CE}.Debug|x64.Build.0 = Debug|Any CPU
		{7A207329-78B0-4036-9615-D75200A464CE}.Debug|x86.ActiveCfg = Debug|Any CPU
		{7A207329-78B0-4036-9615-D75200A464CE}.Debug|x86.Build.0 = Debug|Any CPU
		{7A207329-78B0-4036-9615-D75200A464CE}.Release|Any CPU.ActiveCfg = Release|Any CPU
		{7A207329-78B0-4036-9615-D75200A464CE}.Release|Any CPU.Build.0 = Release|Any CPU
		{7A207329-78B0-4036-9615-D75200A464CE}.Release|x64.ActiveCfg = Release|Any CPU
		{7A207329-78B0-4036-9615-D75200A464CE}.Release|x64.Build.0 = Release|Any CPU
		{7A207329-78B0-4036-9615-D75200A464CE}.Release|x86.ActiveCfg = Release|Any CPU
		{7A207329-78B0-4036-9615-D75200A464CE}.Release|x86.Build.0 = Release|Any CPU
		{D8DBDC7F-DCC8-473F-B28B-0F72D84F81AD}.Debug|Any CPU.ActiveCfg = Debug|Any CPU
		{D8DBDC7F-DCC8-473F-B28B-0F72D84F81AD}.Debug|Any CPU.Build.0 = Debug|Any CPU
		{D8DBDC7F-DCC8-473F-B28B-0F72D84F81AD}.Debug|x64.ActiveCfg = Debug|Any CPU
		{D8DBDC7F-DCC8-473F-B28B-0F72D84F81AD}.Debug|x64.Build.0 = Debug|Any CPU
		{D8DBDC7F-DCC8-473F-B28B-0F72D84F81AD}.Debug|x86.ActiveCfg = Debug|Any CPU
		{D8DBDC7F-DCC8-473F-B28B-0F72D84F81AD}.Debug|x86.Build.0 = Debug|Any CPU
		{D8DBDC7F-DCC8-473F-B28B-0F72D84F81AD}.Release|Any CPU.ActiveCfg = Release|Any CPU
		{D8DBDC7F-DCC8-473F-B28B-0F72D84F81AD}.Release|Any CPU.Build.0 = Release|Any CPU
		{D8DBDC7F-DCC8-473F-B28B-0F72D84F81AD}.Release|x64.ActiveCfg = Release|Any CPU
		{D8DBDC7F-DCC8-473F-B28B-0F72D84F81AD}.Release|x64.Build.0 = Release|Any CPU
		{D8DBDC7F-DCC8-473F-B28B-0F72D84F81AD}.Release|x86.ActiveCfg = Release|Any CPU
		{D8DBDC7F-DCC8-473F-B28B-0F72D84F81AD}.Release|x86.Build.0 = Release|Any CPU
		{790A918C-964E-40A5-B54F-E1BB28F129B5}.Debug|Any CPU.ActiveCfg = Debug|Any CPU
		{790A918C-964E-40A5-B54F-E1BB28F129B5}.Debug|Any CPU.Build.0 = Debug|Any CPU
		{790A918C-964E-40A5-B54F-E1BB28F129B5}.Debug|x64.ActiveCfg = Debug|Any CPU
		{790A918C-964E-40A5-B54F-E1BB28F129B5}.Debug|x64.Build.0 = Debug|Any CPU
		{790A918C-964E-40A5-B54F-E1BB28F129B5}.Debug|x86.ActiveCfg = Debug|Any CPU
		{790A918C-964E-40A5-B54F-E1BB28F129B5}.Debug|x86.Build.0 = Debug|Any CPU
		{790A918C-964E-40A5-B54F-E1BB28F129B5}.Release|Any CPU.ActiveCfg = Release|Any CPU
		{790A918C-964E-40A5-B54F-E1BB28F129B5}.Release|Any CPU.Build.0 = Release|Any CPU
		{790A918C-964E-40A5-B54F-E1BB28F129B5}.Release|x64.ActiveCfg = Release|Any CPU
		{790A918C-964E-40A5-B54F-E1BB28F129B5}.Release|x64.Build.0 = Release|Any CPU
		{790A918C-964E-40A5-B54F-E1BB28F129B5}.Release|x86.ActiveCfg = Release|Any CPU
		{790A918C-964E-40A5-B54F-E1BB28F129B5}.Release|x86.Build.0 = Release|Any CPU
		{B6B6B47D-3A21-4617-8C7F-2DCB24B30925}.Debug|Any CPU.ActiveCfg = Debug|Any CPU
		{B6B6B47D-3A21-4617-8C7F-2DCB24B30925}.Debug|Any CPU.Build.0 = Debug|Any CPU
		{B6B6B47D-3A21-4617-8C7F-2DCB24B30925}.Debug|x64.ActiveCfg = Debug|Any CPU
		{B6B6B47D-3A21-4617-8C7F-2DCB24B30925}.Debug|x64.Build.0 = Debug|Any CPU
		{B6B6B47D-3A21-4617-8C7F-2DCB24B30925}.Debug|x86.ActiveCfg = Debug|Any CPU
		{B6B6B47D-3A21-4617-8C7F-2DCB24B30925}.Debug|x86.Build.0 = Debug|Any CPU
		{B6B6B47D-3A21-4617-8C7F-2DCB24B30925}.Release|Any CPU.ActiveCfg = Release|Any CPU
		{B6B6B47D-3A21-4617-8C7F-2DCB24B30925}.Release|Any CPU.Build.0 = Release|Any CPU
		{B6B6B47D-3A21-4617-8C7F-2DCB24B30925}.Release|x64.ActiveCfg = Release|Any CPU
		{B6B6B47D-3A21-4617-8C7F-2DCB24B30925}.Release|x64.Build.0 = Release|Any CPU
		{B6B6B47D-3A21-4617-8C7F-2DCB24B30925}.Release|x86.ActiveCfg = Release|Any CPU
		{B6B6B47D-3A21-4617-8C7F-2DCB24B30925}.Release|x86.Build.0 = Release|Any CPU
	EndGlobalSection
	GlobalSection(SolutionProperties) = preSolution
		HideSolutionNode = FALSE
	EndGlobalSection
	GlobalSection(NestedProjects) = preSolution
		{4DEB3957-B7CB-752C-FFD3-4DCAEAA6FE57} = {827E0CD3-B72D-47B6-A68D-7590B98EB39B}
		{4DFA73F2-4757-4BE4-B34E-048FF911571B} = {827E0CD3-B72D-47B6-A68D-7590B98EB39B}
		{7A207329-78B0-4036-9615-D75200A464CE} = {0AB3BF05-4346-4AA6-1389-037BE0695223}
		{D8DBDC7F-DCC8-473F-B28B-0F72D84F81AD} = {827E0CD3-B72D-47B6-A68D-7590B98EB39B}
		{790A918C-964E-40A5-B54F-E1BB28F129B5} = {827E0CD3-B72D-47B6-A68D-7590B98EB39B}
		{B6B6B47D-3A21-4617-8C7F-2DCB24B30925} = {827E0CD3-B72D-47B6-A68D-7590B98EB39B}
	EndGlobalSection
	GlobalSection(ExtensibilityGlobals) = postSolution
		SolutionGuid = {F53B348F-1D04-4526-88FA-D22F18E6DECD}
	EndGlobalSection
EndGlobal
